
Microsoft Visual Studio Solution File, Format Version 12.00
# Visual Studio Version 17
VisualStudioVersion = 17.12.35707.178
MinimumVisualStudioVersion = 10.0.40219.1
Project("{9A19103F-16F7-4668-BE54-9A1E7A4F7556}") = "ProductWebAPI2025", "ProductWebAPI2025\ProductWebAPI2025.csproj", "{7559EB0D-D760-4A2E-8F5C-1B558ED07628}"
EndProject
Project("{9A19103F-16F7-4668-BE54-9A1E7A4F7556}") = "ProductModel", "ProductModel\ProductModel.csproj", "{CF9530F4-AFDC-4C0E-9CD3-32DF1FF796DC}"
EndProject
Project("{9A19103F-16F7-4668-BE54-9A1E7A4F7556}") = "ProductConsoleApp", "ProductConsoleApp\ProductConsoleApp.csproj", "{C8D8D063-AAD0-4131-930A-104FD2180D94}"
EndProject
Project("{9A19103F-16F7-4668-BE54-9A1E7A4F7556}") = "RAD302Week3Lab12025CLS00237889", "RAD302Week3Lab12025CLS00237889\RAD302Week3Lab12025CLS00237889.csproj", "{79F2C263-4C7D-4720-BBC7-A3E33CCCA7AF}"
EndProject
Project("{FAE04EC0-301F-11D3-BF4B-00C04F79EFBC}") = "RAD302Week3Lab12025Console.S00237889", "RAD302Week3Lab12025Console.S00237889\RAD302Week3Lab12025Console.S00237889.csproj", "{E91D1F77-8EB6-4186-A983-C4C5CD4819C2}"
EndProject
Project("{FAE04EC0-301F-11D3-BF4B-00C04F79EFBC}") = "Rad302Week3Lab12025WebApiS00237889", "Rad302Week3Lab12025WebApiS00237889\Rad302Week3Lab12025WebApiS00237889.csproj", "{BD07F2ED-3A82-4489-B377-74039C9013B3}"
EndProject
Global
	GlobalSection(SolutionConfigurationPlatforms) = preSolution
		Debug|Any CPU = Debug|Any CPU
		Release|Any CPU = Release|Any CPU
	EndGlobalSection
	GlobalSection(ProjectConfigurationPlatforms) = postSolution
		{7559EB0D-D760-4A2E-8F5C-1B558ED07628}.Debug|Any CPU.ActiveCfg = Debug|Any CPU
		{7559EB0D-D760-4A2E-8F5C-1B558ED07628}.Debug|Any CPU.Build.0 = Debug|Any CPU
		{7559EB0D-D760-4A2E-8F5C-1B558ED07628}.Release|Any CPU.ActiveCfg = Release|Any CPU
		{7559EB0D-D760-4A2E-8F5C-1B558ED07628}.Release|Any CPU.Build.0 = Release|Any CPU
		{CF9530F4-AFDC-4C0E-9CD3-32DF1FF796DC}.Debug|Any CPU.ActiveCfg = Debug|Any CPU
		{CF9530F4-AFDC-4C0E-9CD3-32DF1FF796DC}.Debug|Any CPU.Build.0 = Debug|Any CPU
		{CF9530F4-AFDC-4C0E-9CD3-32DF1FF796DC}.Release|Any CPU.ActiveCfg = Release|Any CPU
		{CF9530F4-AFDC-4C0E-9CD3-32DF1FF796DC}.Release|Any CPU.Build.0 = Release|Any CPU
		{C8D8D063-AAD0-4131-930A-104FD2180D94}.Debug|Any CPU.ActiveCfg = Debug|Any CPU
		{C8D8D063-AAD0-4131-930A-104FD2180D94}.Debug|Any CPU.Build.0 = Debug|Any CPU
		{C8D8D063-AAD0-4131-930A-104FD2180D94}.Release|Any CPU.ActiveCfg = Release|Any CPU
		{C8D8D063-AAD0-4131-930A-104FD2180D94}.Release|Any CPU.Build.0 = Release|Any CPU
		{79F2C263-4C7D-4720-BBC7-A3E33CCCA7AF}.Debug|Any CPU.ActiveCfg = Debug|Any CPU
		{79F2C263-4C7D-4720-BBC7-A3E33CCCA7AF}.Debug|Any CPU.Build.0 = Debug|Any CPU
		{79F2C263-4C7D-4720-BBC7-A3E33CCCA7AF}.Release|Any CPU.ActiveCfg = Release|Any CPU
		{79F2C263-4C7D-4720-BBC7-A3E33CCCA7AF}.Release|Any CPU.Build.0 = Release|Any CPU
		{E91D1F77-8EB6-4186-A983-C4C5CD4819C2}.Debug|Any CPU.ActiveCfg = Debug|Any CPU
		{E91D1F77-8EB6-4186-A983-C4C5CD4819C2}.Debug|Any CPU.Build.0 = Debug|Any CPU
		{E91D1F77-8EB6-4186-A983-C4C5CD4819C2}.Release|Any CPU.ActiveCfg = Release|Any CPU
		{E91D1F77-8EB6-4186-A983-C4C5CD4819C2}.Release|Any CPU.Build.0 = Release|Any CPU
		{BD07F2ED-3A82-4489-B377-74039C9013B3}.Debug|Any CPU.ActiveCfg = Debug|Any CPU
		{BD07F2ED-3A82-4489-B377-74039C9013B3}.Debug|Any CPU.Build.0 = Debug|Any CPU
		{BD07F2ED-3A82-4489-B377-74039C9013B3}.Release|Any CPU.ActiveCfg = Release|Any CPU
		{BD07F2ED-3A82-4489-B377-74039C9013B3}.Release|Any CPU.Build.0 = Release|Any CPU
	EndGlobalSection
	GlobalSection(SolutionProperties) = preSolution
		HideSolutionNode = FALSE
	EndGlobalSection
	GlobalSection(ExtensibilityGlobals) = postSolution
		SolutionGuid = {96E03671-FA96-4DDD-8529-6B7860FE1D83}
	EndGlobalSection
EndGlobal
